
Microsoft Visual Studio Solution File, Format Version 12.00
# Visual Studio 15
VisualStudioVersion = 15.0.27004.2009
MinimumVisualStudioVersion = 10.0.40219.1
Project("{FAE04EC0-301F-11D3-BF4B-00C04F79EFBC}") = "cSharpFundamentals", "cSharpFundamentals\cSharpFundamentals.csproj", "{B87B91B1-4566-4844-A6F5-779F0751F15B}"
EndProject
Global
	GlobalSection(SolutionConfigurationPlatforms) = preSolution
		Debug|Any CPU = Debug|Any CPU
		Release|Any CPU = Release|Any CPU
	EndGlobalSection
	GlobalSection(ProjectConfigurationPlatforms) = postSolution
		{B87B91B1-4566-4844-A6F5-779F0751F15B}.Debug|Any CPU.ActiveCfg = Debug|Any CPU
		{B87B91B1-4566-4844-A6F5-779F0751F15B}.Debug|Any CPU.Build.0 = Debug|Any CPU
		{B87B91B1-4566-4844-A6F5-779F0751F15B}.Release|Any CPU.ActiveCfg = Release|Any CPU
		{B87B91B1-4566-4844-A6F5-779F0751F15B}.Release|Any CPU.Build.0 = Release|Any CPU
	EndGlobalSection
	GlobalSection(SolutionProperties) = preSolution
		HideSolutionNode = FALSE
	EndGlobalSection
	GlobalSection(ExtensibilityGlobals) = postSolution
		SolutionGuid = {6D6392CE-795A-4C8E-BA6A-17214DFD036A}
	EndGlobalSection
EndGlobal
