
Microsoft Visual Studio Solution File, Format Version 12.00
# Visual Studio 15
VisualStudioVersion = 15.0.27004.2009
MinimumVisualStudioVersion = 10.0.40219.1
Project("{FAE04EC0-301F-11D3-BF4B-00C04F79EFBC}") = "SpeedApp", "SpeedApp\SpeedApp.csproj", "{54741C43-BC1C-4475-AE85-22C0ACB14F1C}"
EndProject
Global
	GlobalSection(SolutionConfigurationPlatforms) = preSolution
		Debug|Any CPU = Debug|Any CPU
		Release|Any CPU = Release|Any CPU
	EndGlobalSection
	GlobalSection(ProjectConfigurationPlatforms) = postSolution
		{54741C43-BC1C-4475-AE85-22C0ACB14F1C}.Debug|Any CPU.ActiveCfg = Debug|Any CPU
		{54741C43-BC1C-4475-AE85-22C0ACB14F1C}.Debug|Any CPU.Build.0 = Debug|Any CPU
		{54741C43-BC1C-4475-AE85-22C0ACB14F1C}.Release|Any CPU.ActiveCfg = Release|Any CPU
		{54741C43-BC1C-4475-AE85-22C0ACB14F1C}.Release|Any CPU.Build.0 = Release|Any CPU
	EndGlobalSection
	GlobalSection(SolutionProperties) = preSolution
		HideSolutionNode = FALSE
	EndGlobalSection
	GlobalSection(ExtensibilityGlobals) = postSolution
		SolutionGuid = {02939821-090C-4AF9-AC95-4E6307F1C4E7}
	EndGlobalSection
EndGlobal
