
Microsoft Visual Studio Solution File, Format Version 12.00
# Visual Studio 15
VisualStudioVersion = 15.0.27004.2009
MinimumVisualStudioVersion = 10.0.40219.1
Project("{FAE04EC0-301F-11D3-BF4B-00C04F79EFBC}") = "SumGivenNumbers", "SumGivenNumbers\SumGivenNumbers.csproj", "{6AD849C6-15F0-4C69-A6CE-FE43671E5D3A}"
EndProject
Global
	GlobalSection(SolutionConfigurationPlatforms) = preSolution
		Debug|Any CPU = Debug|Any CPU
		Release|Any CPU = Release|Any CPU
	EndGlobalSection
	GlobalSection(ProjectConfigurationPlatforms) = postSolution
		{6AD849C6-15F0-4C69-A6CE-FE43671E5D3A}.Debug|Any CPU.ActiveCfg = Debug|Any CPU
		{6AD849C6-15F0-4C69-A6CE-FE43671E5D3A}.Debug|Any CPU.Build.0 = Debug|Any CPU
		{6AD849C6-15F0-4C69-A6CE-FE43671E5D3A}.Release|Any CPU.ActiveCfg = Release|Any CPU
		{6AD849C6-15F0-4C69-A6CE-FE43671E5D3A}.Release|Any CPU.Build.0 = Release|Any CPU
	EndGlobalSection
	GlobalSection(SolutionProperties) = preSolution
		HideSolutionNode = FALSE
	EndGlobalSection
	GlobalSection(ExtensibilityGlobals) = postSolution
		SolutionGuid = {F529DBA2-46FB-441E-8219-D145E28C1EA4}
	EndGlobalSection
EndGlobal
